
Microsoft Visual Studio Solution File, Format Version 12.00
# Visual Studio Version 17
VisualStudioVersion = 17.5.002.0
MinimumVisualStudioVersion = 10.0.40219.1
Project("{9A19103F-16F7-4668-BE54-9A1E7A4F7556}") = "Tamagotchi", "Tamagotchi.csproj", "{07598D70-82C8-4DB9-BA37-7B959168241C}"
EndProject
Global
	GlobalSection(SolutionConfigurationPlatforms) = preSolution
		Debug|Any CPU = Debug|Any CPU
		Release|Any CPU = Release|Any CPU
	EndGlobalSection
	GlobalSection(ProjectConfigurationPlatforms) = postSolution
		{07598D70-82C8-4DB9-BA37-7B959168241C}.Debug|Any CPU.ActiveCfg = Debug|Any CPU
		{07598D70-82C8-4DB9-BA37-7B959168241C}.Debug|Any CPU.Build.0 = Debug|Any CPU
		{07598D70-82C8-4DB9-BA37-7B959168241C}.Release|Any CPU.ActiveCfg = Release|Any CPU
		{07598D70-82C8-4DB9-BA37-7B959168241C}.Release|Any CPU.Build.0 = Release|Any CPU
	EndGlobalSection
	GlobalSection(SolutionProperties) = preSolution
		HideSolutionNode = FALSE
	EndGlobalSection
	GlobalSection(ExtensibilityGlobals) = postSolution
		SolutionGuid = {FE0EBE5C-5B5B-4F97-9BDC-CC8F9418E5EF}
	EndGlobalSection
EndGlobal
